{
  "name": "Tiled Example",
  "version": "3.6.2",
  "lockfileVersion": 2,
  "requires": true,
  "packages": {
    "": {
      "name": "Tiled Example",
      "version": "3.6.2",
      "dependencies": {
        "density-clustering": "^1.3.0",
        "hull.js": "^1.0.3"
      }
    },
    "node_modules/density-clustering": {
      "version": "1.3.0",
      "resolved": "https://registry.npmjs.org/density-clustering/-/density-clustering-1.3.0.tgz",
      "integrity": "sha512-icpmBubVTwLnsaor9qH/4tG5+7+f61VcqMN3V3pm9sxxSCt2Jcs0zWOgwZW9ARJYaKD3FumIgHiMOcIMRRAzFQ=="
    },
    "node_modules/hull.js": {
      "version": "1.0.3",
      "resolved": "https://registry.npmjs.org/hull.js/-/hull.js-1.0.3.tgz",
      "integrity": "sha512-CM6zaH0+3mdmjmvJnpxfmJ6K7juoF0GnmjE1g+m5JRj+ynP23VwSoUtIuVUePF9icr1J1/1zybhscCltyftAaw=="
    }
  },
  "dependencies": {
    "density-clustering": {
      "version": "1.3.0",
      "resolved": "https://registry.npmjs.org/density-clustering/-/density-clustering-1.3.0.tgz",
      "integrity": "sha512-icpmBubVTwLnsaor9qH/4tG5+7+f61VcqMN3V3pm9sxxSCt2Jcs0zWOgwZW9ARJYaKD3FumIgHiMOcIMRRAzFQ=="
    },
    "hull.js": {
      "version": "1.0.3",
      "resolved": "https://registry.npmjs.org/hull.js/-/hull.js-1.0.3.tgz",
      "integrity": "sha512-CM6zaH0+3mdmjmvJnpxfmJ6K7juoF0GnmjE1g+m5JRj+ynP23VwSoUtIuVUePF9icr1J1/1zybhscCltyftAaw=="
    }
  }
}
